// !$*UTF8*$!
{
	archiveVersion = 1;
	classes = {
	};
	objectVersion = 46;
	objects = {

/* Begin PBXBuildFile section */
		05A8FBDB1F2201E800AC1D61 /* main.m in Sources */ = {isa = PBXBuildFile; fileRef = 05A8FBDA1F2201E800AC1D61 /* main.m */; };
		05A8FBDE1F2201E800AC1D61 /* AppDelegate.m in Sources */ = {isa = PBXBuildFile; fileRef = 05A8FBDD1F2201E800AC1D61 /* AppDelegate.m */; };
		05A8FBE11F2201E800AC1D61 /* ViewController.m in Sources */ = {isa = PBXBuildFile; fileRef = 05A8FBE01F2201E800AC1D61 /* ViewController.m */; };
		05A8FBE41F2201E800AC1D61 /* Main.storyboard in Resources */ = {isa = PBXBuildFile; fileRef = 05A8FBE21F2201E800AC1D61 /* Main.storyboard */; };
		05A8FBE61F2201E800AC1D61 /* Assets.xcassets in Resources */ = {isa = PBXBuildFile; fileRef = 05A8FBE51F2201E800AC1D61 /* Assets.xcassets */; };
		05A8FBE91F2201E800AC1D61 /* LaunchScreen.storyboard in Resources */ = {isa = PBXBuildFile; fileRef = 05A8FBE71F2201E800AC1D61 /* LaunchScreen.storyboard */; };
		05A8FBF41F2201E800AC1D61 /* EmulateWeChatDemoTests.m in Sources */ = {isa = PBXBuildFile; fileRef = 05A8FBF31F2201E800AC1D61 /* EmulateWeChatDemoTests.m */; };
		05A8FBFF1F2201E800AC1D61 /* EmulateWeChatDemoUITests.m in Sources */ = {isa = PBXBuildFile; fileRef = 05A8FBFE1F2201E800AC1D61 /* EmulateWeChatDemoUITests.m */; };
		05A8FC0F1F22027F00AC1D61 /* CommentViewController.m in Sources */ = {isa = PBXBuildFile; fileRef = 05A8FC0D1F22027F00AC1D61 /* CommentViewController.m */; };
		05A8FC101F22027F00AC1D61 /* CommentViewController.xib in Resources */ = {isa = PBXBuildFile; fileRef = 05A8FC0E1F22027F00AC1D61 /* CommentViewController.xib */; };
/* End PBXBuildFile section */

/* Begin PBXContainerItemProxy section */
		05A8FBF01F2201E800AC1D61 /* PBXContainerItemProxy */ = {
			isa = PBXContainerItemProxy;
			containerPortal = 05A8FBCE1F2201E800AC1D61 /* Project object */;
			proxyType = 1;
			remoteGlobalIDString = 05A8FBD51F2201E800AC1D61;
			remoteInfo = EmulateWeChatDemo;
		};
		05A8FBFB1F2201E800AC1D61 /* PBXContainerItemProxy */ = {
			isa = PBXContainerItemProxy;
			containerPortal = 05A8FBCE1F2201E800AC1D61 /* Project object */;
			proxyType = 1;
			remoteGlobalIDString = 05A8FBD51F2201E800AC1D61;
			remoteInfo = EmulateWeChatDemo;
		};
/* End PBXContainerItemProxy section */

/* Begin PBXFileReference section */
		05A8FBD61F2201E800AC1D61 /* EmulateWeChatDemo.app */ = {isa = PBXFileReference; explicitFileType = wrapper.application; includeInIndex = 0; path = EmulateWeChatDemo.app; sourceTree = BUILT_PRODUCTS_DIR; };
		05A8FBDA1F2201E800AC1D61 /* main.m */ = {isa = PBXFileReference; lastKnownFileType = sourcecode.c.objc; path = main.m; sourceTree = "<group>"; };
		05A8FBDC1F2201E800AC1D61 /* AppDelegate.h */ = {isa = PBXFileReference; lastKnownFileType = sourcecode.c.h; path = AppDelegate.h; sourceTree = "<group>"; };
		05A8FBDD1F2201E800AC1D61 /* AppDelegate.m */ = {isa = PBXFileReference; lastKnownFileType = sourcecode.c.objc; path = AppDelegate.m; sourceTree = "<group>"; };
		05A8FBDF1F2201E800AC1D61 /* ViewController.h */ = {isa = PBXFileReference; lastKnownFileType = sourcecode.c.h; path = ViewController.h; sourceTree = "<group>"; };
		05A8FBE01F2201E800AC1D61 /* ViewController.m */ = {isa = PBXFileReference; lastKnownFileType = sourcecode.c.objc; path = ViewController.m; sourceTree = "<group>"; };
		05A8FBE31F2201E800AC1D61 /* Base */ = {isa = PBXFileReference; lastKnownFileType = file.storyboard; name = Base; path = Base.lproj/Main.storyboard; sourceTree = "<group>"; };
		05A8FBE51F2201E800AC1D61 /* Assets.xcassets */ = {isa = PBXFileReference; lastKnownFileType = folder.assetcatalog; path = Assets.xcassets; sourceTree = "<group>"; };
		05A8FBE81F2201E800AC1D61 /* Base */ = {isa = PBXFileReference; lastKnownFileType = file.storyboard; name = Base; path = Base.lproj/LaunchScreen.storyboard; sourceTree = "<group>"; };
		05A8FBEA1F2201E800AC1D61 /* Info.plist */ = {isa = PBXFileReference; lastKnownFileType = text.plist.xml; path = Info.plist; sourceTree = "<group>"; };
		05A8FBEF1F2201E800AC1D61 /* EmulateWeChatDemoTests.xctest */ = {isa = PBXFileReference; explicitFileType = wrapper.cfbundle; includeInIndex = 0; path = EmulateWeChatDemoTests.xctest; sourceTree = BUILT_PRODUCTS_DIR; };
		05A8FBF31F2201E800AC1D61 /* EmulateWeChatDemoTests.m */ = {isa = PBXFileReference; lastKnownFileType = sourcecode.c.objc; path = EmulateWeChatDemoTests.m; sourceTree = "<group>"; };
		05A8FBF51F2201E800AC1D61 /* Info.plist */ = {isa = PBXFileReference; lastKnownFileType = text.plist.xml; path = Info.plist; sourceTree = "<group>"; };
		05A8FBFA1F2201E800AC1D61 /* EmulateWeChatDemoUITests.xctest */ = {isa = PBXFileReference; explicitFileType = wrapper.cfbundle; includeInIndex = 0; path = EmulateWeChatDemoUITests.xctest; sourceTree = BUILT_PRODUCTS_DIR; };
		05A8FBFE1F2201E800AC1D61 /* EmulateWeChatDemoUITests.m */ = {isa = PBXFileReference; lastKnownFileType = sourcecode.c.objc; path = EmulateWeChatDemoUITests.m; sourceTree = "<group>"; };
		05A8FC001F2201E800AC1D61 /* Info.plist */ = {isa = PBXFileReference; lastKnownFileType = text.plist.xml; path = Info.plist; sourceTree = "<group>"; };
		05A8FC0C1F22027F00AC1D61 /* CommentViewController.h */ = {isa = PBXFileReference; fileEncoding = 4; lastKnownFileType = sourcecode.c.h; path = CommentViewController.h; sourceTree = "<group>"; };
		05A8FC0D1F22027F00AC1D61 /* CommentViewController.m */ = {isa = PBXFileReference; fileEncoding = 4; lastKnownFileType = sourcecode.c.objc; path = CommentViewController.m; sourceTree = "<group>"; };
		05A8FC0E1F22027F00AC1D61 /* CommentViewController.xib */ = {isa = PBXFileReference; fileEncoding = 4; lastKnownFileType = file.xib; path = CommentViewController.xib; sourceTree = "<group>"; };
		05A8FC121F22076000AC1D61 /* Data.json */ = {isa = PBXFileReference; lastKnownFileType = text.json; path = Data.json; sourceTree = "<group>"; };
/* End PBXFileReference section */

/* Begin PBXFrameworksBuildPhase section */
		05A8FBD31F2201E800AC1D61 /* Frameworks */ = {
			isa = PBXFrameworksBuildPhase;
			buildActionMask = 2147483647;
			files = (
			);
			runOnlyForDeploymentPostprocessing = 0;
		};
		05A8FBEC1F2201E800AC1D61 /* Frameworks */ = {
			isa = PBXFrameworksBuildPhase;
			buildActionMask = 2147483647;
			files = (
			);
			runOnlyForDeploymentPostprocessing = 0;
		};
		05A8FBF71F2201E800AC1D61 /* Frameworks */ = {
			isa = PBXFrameworksBuildPhase;
			buildActionMask = 2147483647;
			files = (
			);
			runOnlyForDeploymentPostprocessing = 0;
		};
/* End PBXFrameworksBuildPhase section */

/* Begin PBXGroup section */
		05A8FBCD1F2201E800AC1D61 = {
			isa = PBXGroup;
			children = (
				05A8FBD81F2201E800AC1D61 /* EmulateWeChatDemo */,
				05A8FBF21F2201E800AC1D61 /* EmulateWeChatDemoTests */,
				05A8FBFD1F2201E800AC1D61 /* EmulateWeChatDemoUITests */,
				05A8FBD71F2201E800AC1D61 /* Products */,
			);
			sourceTree = "<group>";
		};
		05A8FBD71F2201E800AC1D61 /* Products */ = {
			isa = PBXGroup;
			children = (
				05A8FBD61F2201E800AC1D61 /* EmulateWeChatDemo.app */,
				05A8FBEF1F2201E800AC1D61 /* EmulateWeChatDemoTests.xctest */,
				05A8FBFA1F2201E800AC1D61 /* EmulateWeChatDemoUITests.xctest */,
			);
			name = Products;
			sourceTree = "<group>";
		};
		05A8FBD81F2201E800AC1D61 /* EmulateWeChatDemo */ = {
			isa = PBXGroup;
			children = (
				05A8FC111F2206CD00AC1D61 /* Source */,
				05A8FBDC1F2201E800AC1D61 /* AppDelegate.h */,
				05A8FBDD1F2201E800AC1D61 /* AppDelegate.m */,
				05A8FBDF1F2201E800AC1D61 /* ViewController.h */,
				05A8FBE01F2201E800AC1D61 /* ViewController.m */,
				05A8FC0C1F22027F00AC1D61 /* CommentViewController.h */,
				05A8FC0D1F22027F00AC1D61 /* CommentViewController.m */,
				05A8FC0E1F22027F00AC1D61 /* CommentViewController.xib */,
				05A8FBE21F2201E800AC1D61 /* Main.storyboard */,
				05A8FBE51F2201E800AC1D61 /* Assets.xcassets */,
				05A8FBE71F2201E800AC1D61 /* LaunchScreen.storyboard */,
				05A8FBEA1F2201E800AC1D61 /* Info.plist */,
				05A8FBD91F2201E800AC1D61 /* Supporting Files */,
			);
			path = EmulateWeChatDemo;
			sourceTree = "<group>";
		};
		05A8FBD91F2201E800AC1D61 /* Supporting Files */ = {
			isa = PBXGroup;
			children = (
				05A8FBDA1F2201E800AC1D61 /* main.m */,
			);
			name = "Supporting Files";
			sourceTree = "<group>";
		};
		05A8FBF21F2201E800AC1D61 /* EmulateWeChatDemoTests */ = {
			isa = PBXGroup;
			children = (
				05A8FBF31F2201E800AC1D61 /* EmulateWeChatDemoTests.m */,
				05A8FBF51F2201E800AC1D61 /* Info.plist */,
			);
			path = EmulateWeChatDemoTests;
			sourceTree = "<group>";
		};
		05A8FBFD1F2201E800AC1D61 /* EmulateWeChatDemoUITests */ = {
			isa = PBXGroup;
			children = (
				05A8FBFE1F2201E800AC1D61 /* EmulateWeChatDemoUITests.m */,
				05A8FC001F2201E800AC1D61 /* Info.plist */,
			);
			path = EmulateWeChatDemoUITests;
			sourceTree = "<group>";
		};
		05A8FC111F2206CD00AC1D61 /* Source */ = {
			isa = PBXGroup;
			children = (
				05A8FC121F22076000AC1D61 /* Data.json */,
			);
			name = Source;
			sourceTree = "<group>";
		};
/* End PBXGroup section */

/* Begin PBXNativeTarget section */
		05A8FBD51F2201E800AC1D61 /* EmulateWeChatDemo */ = {
			isa = PBXNativeTarget;
			buildConfigurationList = 05A8FC031F2201E800AC1D61 /* Build configuration list for PBXNativeTarget "EmulateWeChatDemo" */;
			buildPhases = (
				05A8FBD21F2201E800AC1D61 /* Sources */,
				05A8FBD31F2201E800AC1D61 /* Frameworks */,
				05A8FBD41F2201E800AC1D61 /* Resources */,
			);
			buildRules = (
			);
			dependencies = (
			);
			name = EmulateWeChatDemo;
			productName = EmulateWeChatDemo;
			productReference = 05A8FBD61F2201E800AC1D61 /* EmulateWeChatDemo.app */;
			productType = "com.apple.product-type.application";
		};
		05A8FBEE1F2201E800AC1D61 /* EmulateWeChatDemoTests */ = {
			isa = PBXNativeTarget;
			buildConfigurationList = 05A8FC061F2201E800AC1D61 /* Build configuration list for PBXNativeTarget "EmulateWeChatDemoTests" */;
			buildPhases = (
				05A8FBEB1F2201E800AC1D61 /* Sources */,
				05A8FBEC1F2201E800AC1D61 /* Frameworks */,
				05A8FBED1F2201E800AC1D61 /* Resources */,
			);
			buildRules = (
			);
			dependencies = (
				05A8FBF11F2201E800AC1D61 /* PBXTargetDependency */,
			);
			name = EmulateWeChatDemoTests;
			productName = EmulateWeChatDemoTests;
			productReference = 05A8FBEF1F2201E800AC1D61 /* EmulateWeChatDemoTests.xctest */;
			productType = "com.apple.product-type.bundle.unit-test";
		};
		05A8FBF91F2201E800AC1D61 /* EmulateWeChatDemoUITests */ = {
			isa = PBXNativeTarget;
			buildConfigurationList = 05A8FC091F2201E800AC1D61 /* Build configuration list for PBXNativeTarget "EmulateWeChatDemoUITests" */;
			buildPhases = (
				05A8FBF61F2201E800AC1D61 /* Sources */,
				05A8FBF71F2201E800AC1D61 /* Frameworks */,
				05A8FBF81F2201E800AC1D61 /* Resources */,
			);
			buildRules = (
			);
			dependencies = (
				05A8FBFC1F2201E800AC1D61 /* PBXTargetDependency */,
			);
			name = EmulateWeChatDemoUITests;
			productName = EmulateWeChatDemoUITests;
			productReference = 05A8FBFA1F2201E800AC1D61 /* EmulateWeChatDemoUITests.xctest */;
			productType = "com.apple.product-type.bundle.ui-testing";
		};
/* End PBXNativeTarget section */

/* Begin PBXProject section */
		05A8FBCE1F2201E800AC1D61 /* Project object */ = {
			isa = PBXProject;
			attributes = {
				LastUpgradeCheck = 0830;
				ORGANIZATIONNAME = shuidi_iMac;
				TargetAttributes = {
					05A8FBD51F2201E800AC1D61 = {
						CreatedOnToolsVersion = 8.3.3;
						DevelopmentTeam = XB9G77HU3C;
						ProvisioningStyle = Automatic;
					};
					05A8FBEE1F2201E800AC1D61 = {
						CreatedOnToolsVersion = 8.3.3;
						DevelopmentTeam = XB9G77HU3C;
						ProvisioningStyle = Automatic;
						TestTargetID = 05A8FBD51F2201E800AC1D61;
					};
					05A8FBF91F2201E800AC1D61 = {
						CreatedOnToolsVersion = 8.3.3;
						DevelopmentTeam = XB9G77HU3C;
						ProvisioningStyle = Automatic;
						TestTargetID = 05A8FBD51F2201E800AC1D61;
					};
				};
			};
			buildConfigurationList = 05A8FBD11F2201E800AC1D61 /* Build configuration list for PBXProject "EmulateWeChatDemo" */;
			compatibilityVersion = "Xcode 3.2";
			developmentRegion = English;
			hasScannedForEncodings = 0;
			knownRegions = (
				en,
				Base,
			);
			mainGroup = 05A8FBCD1F2201E800AC1D61;
			productRefGroup = 05A8FBD71F2201E800AC1D61 /* Products */;
			projectDirPath = "";
			projectRoot = "";
			targets = (
				05A8FBD51F2201E800AC1D61 /* EmulateWeChatDemo */,
				05A8FBEE1F2201E800AC1D61 /* EmulateWeChatDemoTests */,
				05A8FBF91F2201E800AC1D61 /* EmulateWeChatDemoUITests */,
			);
		};
/* End PBXProject section */

/* Begin PBXResourcesBuildPhase section */
		05A8FBD41F2201E800AC1D61 /* Resources */ = {
			isa = PBXResourcesBuildPhase;
			buildActionMask = 2147483647;
			files = (
				05A8FC101F22027F00AC1D61 /* CommentViewController.xib in Resources */,
				05A8FBE91F2201E800AC1D61 /* LaunchScreen.storyboard in Resources */,
				05A8FBE61F2201E800AC1D61 /* Assets.xcassets in Resources */,
				05A8FBE41F2201E800AC1D61 /* Main.storyboard in Resources */,
			);
			runOnlyForDeploymentPostprocessing = 0;
		};
		05A8FBED1F2201E800AC1D61 /* Resources */ = {
			isa = PBXResourcesBuildPhase;
			buildActionMask = 2147483647;
			files = (
			);
			runOnlyForDeploymentPostprocessing = 0;
		};
		05A8FBF81F2201E800AC1D61 /* Resources */ = {
			isa = PBXResourcesBuildPhase;
			buildActionMask = 2147483647;
			files = (
			);
			runOnlyForDeploymentPostprocessing = 0;
		};
/* End PBXResourcesBuildPhase section */

/* Begin PBXSourcesBuildPhase section */
		05A8FBD21F2201E800AC1D61 /* Sources */ = {
			isa = PBXSourcesBuildPhase;
			buildActionMask = 2147483647;
			files = (
				05A8FC0F1F22027F00AC1D61 /* CommentViewController.m in Sources */,
				05A8FBE11F2201E800AC1D61 /* ViewController.m in Sources */,
				05A8FBDE1F2201E800AC1D61 /* AppDelegate.m in Sources */,
				05A8FBDB1F2201E800AC1D61 /* main.m in Sources */,
			);
			runOnlyForDeploymentPostprocessing = 0;
		};
		05A8FBEB1F2201E800AC1D61 /* Sources */ = {
			isa = PBXSourcesBuildPhase;
			buildActionMask = 2147483647;
			files = (
				05A8FBF41F2201E800AC1D61 /* EmulateWeChatDemoTests.m in Sources */,
			);
			runOnlyForDeploymentPostprocessing = 0;
		};
		05A8FBF61F2201E800AC1D61 /* Sources */ = {
			isa = PBXSourcesBuildPhase;
			buildActionMask = 2147483647;
			files = (
				05A8FBFF1F2201E800AC1D61 /* EmulateWeChatDemoUITests.m in Sources */,
			);
			runOnlyForDeploymentPostprocessing = 0;
		};
/* End PBXSourcesBuildPhase section */

/* Begin PBXTargetDependency section */
		05A8FBF11F2201E800AC1D61 /* PBXTargetDependency */ = {
			isa = PBXTargetDependency;
			target = 05A8FBD51F2201E800AC1D61 /* EmulateWeChatDemo */;
			targetProxy = 05A8FBF01F2201E800AC1D61 /* PBXContainerItemProxy */;
		};
		05A8FBFC1F2201E800AC1D61 /* PBXTargetDependency */ = {
			isa = PBXTargetDependency;
			target = 05A8FBD51F2201E800AC1D61 /* EmulateWeChatDemo */;
			targetProxy = 05A8FBFB1F2201E800AC1D61 /* PBXContainerItemProxy */;
		};
/* End PBXTargetDependency section */

/* Begin PBXVariantGroup section */
		05A8FBE21F2201E800AC1D61 /* Main.storyboard */ = {
			isa = PBXVariantGroup;
			children = (
				05A8FBE31F2201E800AC1D61 /* Base */,
			);
			name = Main.storyboard;
			sourceTree = "<group>";
		};
		05A8FBE71F2201E800AC1D61 /* LaunchScreen.storyboard */ = {
			isa = PBXVariantGroup;
			children = (
				05A8FBE81F2201E800AC1D61 /* Base */,
			);
			name = LaunchScreen.storyboard;
			sourceTree = "<group>";
		};
/* End PBXVariantGroup section */

/* Begin XCBuildConfiguration section */
		05A8FC011F2201E800AC1D61 /* Debug */ = {
			isa = XCBuildConfiguration;
			buildSettings = {
				ALWAYS_SEARCH_USER_PATHS = NO;
				CLANG_ANALYZER_NONNULL = YES;
				CLANG_ANALYZER_NUMBER_OBJECT_CONVERSION = YES_AGGRESSIVE;
				CLANG_CXX_LANGUAGE_STANDARD = "gnu++0x";
				CLANG_CXX_LIBRARY = "libc++";
				CLANG_ENABLE_MODULES = YES;
				CLANG_ENABLE_OBJC_ARC = YES;
				CLANG_WARN_BOOL_CONVERSION = YES;
				CLANG_WARN_CONSTANT_CONVERSION = YES;
				CLANG_WARN_DIRECT_OBJC_ISA_USAGE = YES_ERROR;
				CLANG_WARN_DOCUMENTATION_COMMENTS = YES;
				CLANG_WARN_EMPTY_BODY = YES;
				CLANG_WARN_ENUM_CONVERSION = YES;
				CLANG_WARN_INFINITE_RECURSION = YES;
				CLANG_WARN_INT_CONVERSION = YES;
				CLANG_WARN_OBJC_ROOT_CLASS = YES_ERROR;
				CLANG_WARN_SUSPICIOUS_MOVE = YES;
				CLANG_WARN_UNREACHABLE_CODE = YES;
				CLANG_WARN__DUPLICATE_METHOD_MATCH = YES;
				"CODE_SIGN_IDENTITY[sdk=iphoneos*]" = "iPhone Developer";
				COPY_PHASE_STRIP = NO;
				DEBUG_INFORMATION_FORMAT = dwarf;
				ENABLE_STRICT_OBJC_MSGSEND = YES;
				ENABLE_TESTABILITY = YES;
				GCC_C_LANGUAGE_STANDARD = gnu99;
				GCC_DYNAMIC_NO_PIC = NO;
				GCC_NO_COMMON_BLOCKS = YES;
				GCC_OPTIMIZATION_LEVEL = 0;
				GCC_PREPROCESSOR_DEFINITIONS = (
					"DEBUG=1",
					"$(inherited)",
				);
				GCC_WARN_64_TO_32_BIT_CONVERSION = YES;
				GCC_WARN_ABOUT_RETURN_TYPE = YES_ERROR;
				GCC_WARN_UNDECLARED_SELECTOR = YES;
				GCC_WARN_UNINITIALIZED_AUTOS = YES_AGGRESSIVE;
				GCC_WARN_UNUSED_FUNCTION = YES;
				GCC_WARN_UNUSED_VARIABLE = YES;
				IPHONEOS_DEPLOYMENT_TARGET = 10.3;
				MTL_ENABLE_DEBUG_INFO = YES;
				ONLY_ACTIVE_ARCH = YES;
				SDKROOT = iphoneos;
			};
			name = Debug;
		};
		05A8FC021F2201E800AC1D61 /* Release */ = {
			isa = XCBuildConfiguration;
			buildSettings = {
				ALWAYS_SEARCH_USER_PATHS = NO;
				CLANG_ANALYZER_NONNULL = YES;
				CLANG_ANALYZER_NUMBER_OBJECT_CONVERSION = YES_AGGRESSIVE;
				CLANG_CXX_LANGUAGE_STANDARD = "gnu++0x";
				CLANG_CXX_LIBRARY = "libc++";
				CLANG_ENABLE_MODULES = YES;
				CLANG_ENABLE_OBJC_ARC = YES;
				CLANG_WARN_BOOL_CONVERSION = YES;
				CLANG_WARN_CONSTANT_CONVERSION = YES;
				CLANG_WARN_DIRECT_OBJC_ISA_USAGE = YES_ERROR;
				CLANG_WARN_DOCUMENTATION_COMMENTS = YES;
				CLANG_WARN_EMPTY_BODY = YES;
				CLANG_WARN_ENUM_CONVERSION = YES;
				CLANG_WARN_INFINITE_RECURSION = YES;
				CLANG_WARN_INT_CONVERSION = YES;
				CLANG_WARN_OBJC_ROOT_CLASS = YES_ERROR;
				CLANG_WARN_SUSPICIOUS_MOVE = YES;
				CLANG_WARN_UNREACHABLE_CODE = YES;
				CLANG_WARN__DUPLICATE_METHOD_MATCH = YES;
				"CODE_SIGN_IDENTITY[sdk=iphoneos*]" = "iPhone Developer";
				COPY_PHASE_STRIP = NO;
				DEBUG_INFORMATION_FORMAT = "dwarf-with-dsym";
				ENABLE_NS_ASSERTIONS = NO;
				ENABLE_STRICT_OBJC_MSGSEND = YES;
				GCC_C_LANGUAGE_STANDARD = gnu99;
				GCC_NO_COMMON_BLOCKS = YES;
				GCC_WARN_64_TO_32_BIT_CONVERSION = YES;
				GCC_WARN_ABOUT_RETURN_TYPE = YES_ERROR;
				GCC_WARN_UNDECLARED_SELECTOR = YES;
				GCC_WARN_UNINITIALIZED_AUTOS = YES_AGGRESSIVE;
				GCC_WARN_UNUSED_FUNCTION = YES;
				GCC_WARN_UNUSED_VARIABLE = YES;
				IPHONEOS_DEPLOYMENT_TARGET = 10.3;
				MTL_ENABLE_DEBUG_INFO = NO;
				SDKROOT = iphoneos;
				VALIDATE_PRODUCT = YES;
			};
			name = Release;
		};
		05A8FC041F2201E800AC1D61 /* Debug */ = {
			isa = XCBuildConfiguration;
			buildSettings = {
				ASSETCATALOG_COMPILER_APPICON_NAME = AppIcon;
				DEVELOPMENT_TEAM = XB9G77HU3C;
				INFOPLIST_FILE = EmulateWeChatDemo/Info.plist;
				IPHONEOS_DEPLOYMENT_TARGET = 8.0;
				LD_RUNPATH_SEARCH_PATHS = "$(inherited) @executable_path/Frameworks";
				PRODUCT_BUNDLE_IDENTIFIER = com.DripCarCompany..EmulateWeChatDemo;
				PRODUCT_NAME = "$(TARGET_NAME)";
			};
			name = Debug;
		};
		05A8FC051F2201E800AC1D61 /* Release */ = {
			isa = XCBuildConfiguration;
			buildSettings = {
				ASSETCATALOG_COMPILER_APPICON_NAME = AppIcon;
				DEVELOPMENT_TEAM = XB9G77HU3C;
				INFOPLIST_FILE = EmulateWeChatDemo/Info.plist;
				IPHONEOS_DEPLOYMENT_TARGET = 8.0;
				LD_RUNPATH_SEARCH_PATHS = "$(inherited) @executable_path/Frameworks";
				PRODUCT_BUNDLE_IDENTIFIER = com.DripCarCompany..EmulateWeChatDemo;
				PRODUCT_NAME = "$(TARGET_NAME)";
			};
			name = Release;
		};
		05A8FC071F2201E800AC1D61 /* Debug */ = {
			isa = XCBuildConfiguration;
			buildSettings = {
				BUNDLE_LOADER = "$(TEST_HOST)";
				DEVELOPMENT_TEAM = XB9G77HU3C;
				INFOPLIST_FILE = EmulateWeChatDemoTests/Info.plist;
				LD_RUNPATH_SEARCH_PATHS = "$(inherited) @executable_path/Frameworks @loader_path/Frameworks";
				PRODUCT_BUNDLE_IDENTIFIER = com.DripCarCompany..EmulateWeChatDemoTests;
				PRODUCT_NAME = "$(TARGET_NAME)";
				TEST_HOST = "$(BUILT_PRODUCTS_DIR)/EmulateWeChatDemo.app/EmulateWeChatDemo";
			};
			name = Debug;
		};
		05A8FC081F2201E800AC1D61 /* Release */ = {
			isa = XCBuildConfiguration;
			buildSettings = {
				BUNDLE_LOADER = "$(TEST_HOST)";
				DEVELOPMENT_TEAM = XB9G77HU3C;
				INFOPLIST_FILE = EmulateWeChatDemoTests/Info.plist;
				LD_RUNPATH_SEARCH_PATHS = "$(inherited) @executable_path/Frameworks @loader_path/Frameworks";
				PRODUCT_BUNDLE_IDENTIFIER = com.DripCarCompany..EmulateWeChatDemoTests;
				PRODUCT_NAME = "$(TARGET_NAME)";
				TEST_HOST = "$(BUILT_PRODUCTS_DIR)/EmulateWeChatDemo.app/EmulateWeChatDemo";
			};
			name = Release;
		};
		05A8FC0A1F2201E800AC1D61 /* Debug */ = {
			isa = XCBuildConfiguration;
			buildSettings = {
				DEVELOPMENT_TEAM = XB9G77HU3C;
				INFOPLIST_FILE = EmulateWeChatDemoUITests/Info.plist;
				LD_RUNPATH_SEARCH_PATHS = "$(inherited) @executable_path/Frameworks @loader_path/Frameworks";
				PRODUCT_BUNDLE_IDENTIFIER = com.DripCarCompany..EmulateWeChatDemoUITests;
				PRODUCT_NAME = "$(TARGET_NAME)";
				TEST_TARGET_NAME = EmulateWeChatDemo;
			};
			name = Debug;
		};
		05A8FC0B1F2201E800AC1D61 /* Release */ = {
			isa = XCBuildConfiguration;
			buildSettings = {
				DEVELOPMENT_TEAM = XB9G77HU3C;
				INFOPLIST_FILE = EmulateWeChatDemoUITests/Info.plist;
				LD_RUNPATH_SEARCH_PATHS = "$(inherited) @executable_path/Frameworks @loader_path/Frameworks";
				PRODUCT_BUNDLE_IDENTIFIER = com.DripCarCompany..EmulateWeChatDemoUITests;
				PRODUCT_NAME = "$(TARGET_NAME)";
				TEST_TARGET_NAME = EmulateWeChatDemo;
			};
			name = Release;
		};
/* End XCBuildConfiguration section */

/* Begin XCConfigurationList section */
		05A8FBD11F2201E800AC1D61 /* Build configuration list for PBXProject "EmulateWeChatDemo" */ = {
			isa = XCConfigurationList;
			buildConfigurations = (
				05A8FC011F2201E800AC1D61 /* Debug */,
				05A8FC021F2201E800AC1D61 /* Release */,
			);
			defaultConfigurationIsVisible = 0;
			defaultConfigurationName = Release;
		};
		05A8FC031F2201E800AC1D61 /* Build configuration list for PBXNativeTarget "EmulateWeChatDemo" */ = {
			isa = XCConfigurationList;
			buildConfigurations = (
				05A8FC041F2201E800AC1D61 /* Debug */,
				05A8FC051F2201E800AC1D61 /* Release */,
			);
			defaultConfigurationIsVisible = 0;
		};
		05A8FC061F2201E800AC1D61 /* Build configuration list for PBXNativeTarget "EmulateWeChatDemoTests" */ = {
			isa = XCConfigurationList;
			buildConfigurations = (
				05A8FC071F2201E800AC1D61 /* Debug */,
				05A8FC081F2201E800AC1D61 /* Release */,
			);
			defaultConfigurationIsVisible = 0;
		};
		05A8FC091F2201E800AC1D61 /* Build configuration list for PBXNativeTarget "EmulateWeChatDemoUITests" */ = {
			isa = XCConfigurationList;
			buildConfigurations = (
				05A8FC0A1F2201E800AC1D61 /* Debug */,
				05A8FC0B1F2201E800AC1D61 /* Release */,
			);
			defaultConfigurationIsVisible = 0;
		};
/* End XCConfigurationList section */
	};
	rootObject = 05A8FBCE1F2201E800AC1D61 /* Project object */;
}
